// !$*UTF8*$!
{
	archiveVersion = 1;
	classes = {
	};
	objectVersion = 56;
	objects = {

/* Begin PBXBuildFile section */
		CDCB0F7D2AA1A5D200909A5F /* SwiftMapAppApp.swift in Sources */ = {isa = PBXBuildFile; fileRef = CDCB0F7C2AA1A5D200909A5F /* SwiftMapAppApp.swift */; };
		CDCB0F7F2AA1A5D200909A5F /* ContentView.swift in Sources */ = {isa = PBXBuildFile; fileRef = CDCB0F7E2AA1A5D200909A5F /* ContentView.swift */; };
		CDCB0F842AA1A5D700909A5F /* Preview Assets.xcassets in Resources */ = {isa = PBXBuildFile; fileRef = CDCB0F832AA1A5D700909A5F /* Preview Assets.xcassets */; };
		CDCB0F8B2AA1A80000909A5F /* Assets.xcassets in Resources */ = {isa = PBXBuildFile; fileRef = CDCB0F8A2AA1A80000909A5F /* Assets.xcassets */; };
		CDCB0F902AA1A8DA00909A5F /* Location.swift in Sources */ = {isa = PBXBuildFile; fileRef = CDCB0F8F2AA1A8DA00909A5F /* Location.swift */; };
		CDCB0F932AA1A97700909A5F /* LocationsDataService.swift in Sources */ = {isa = PBXBuildFile; fileRef = CDCB0F922AA1A97700909A5F /* LocationsDataService.swift */; };
		CDCB0F952AA1AAAD00909A5F /* LocationsView.swift in Sources */ = {isa = PBXBuildFile; fileRef = CDCB0F942AA1AAAD00909A5F /* LocationsView.swift */; };
		CDCB0F972AA1AD6D00909A5F /* LocationsViewModel.swift in Sources */ = {isa = PBXBuildFile; fileRef = CDCB0F962AA1AD6D00909A5F /* LocationsViewModel.swift */; };
/* End PBXBuildFile section */

/* Begin PBXFileReference section */
		CDCB0F792AA1A5D200909A5F /* SwiftMapApp.app */ = {isa = PBXFileReference; explicitFileType = wrapper.application; includeInIndex = 0; path = SwiftMapApp.app; sourceTree = BUILT_PRODUCTS_DIR; };
		CDCB0F7C2AA1A5D200909A5F /* SwiftMapAppApp.swift */ = {isa = PBXFileReference; lastKnownFileType = sourcecode.swift; path = SwiftMapAppApp.swift; sourceTree = "<group>"; };
		CDCB0F7E2AA1A5D200909A5F /* ContentView.swift */ = {isa = PBXFileReference; lastKnownFileType = sourcecode.swift; path = ContentView.swift; sourceTree = "<group>"; };
		CDCB0F832AA1A5D700909A5F /* Preview Assets.xcassets */ = {isa = PBXFileReference; lastKnownFileType = folder.assetcatalog; path = "Preview Assets.xcassets"; sourceTree = "<group>"; };
		CDCB0F8A2AA1A80000909A5F /* Assets.xcassets */ = {isa = PBXFileReference; lastKnownFileType = folder.assetcatalog; path = Assets.xcassets; sourceTree = "<group>"; };
		CDCB0F8F2AA1A8DA00909A5F /* Location.swift */ = {isa = PBXFileReference; lastKnownFileType = sourcecode.swift; path = Location.swift; sourceTree = "<group>"; };
		CDCB0F922AA1A97700909A5F /* LocationsDataService.swift */ = {isa = PBXFileReference; fileEncoding = 4; lastKnownFileType = sourcecode.swift; path = LocationsDataService.swift; sourceTree = "<group>"; };
		CDCB0F942AA1AAAD00909A5F /* LocationsView.swift */ = {isa = PBXFileReference; lastKnownFileType = sourcecode.swift; path = LocationsView.swift; sourceTree = "<group>"; };
		CDCB0F962AA1AD6D00909A5F /* LocationsViewModel.swift */ = {isa = PBXFileReference; lastKnownFileType = sourcecode.swift; path = LocationsViewModel.swift; sourceTree = "<group>"; };
/* End PBXFileReference section */

/* Begin PBXFrameworksBuildPhase section */
		CDCB0F762AA1A5D200909A5F /* Frameworks */ = {
			isa = PBXFrameworksBuildPhase;
			buildActionMask = 2147483647;
			files = (
			);
			runOnlyForDeploymentPostprocessing = 0;
		};
/* End PBXFrameworksBuildPhase section */

/* Begin PBXGroup section */
		CDCB0F702AA1A5D200909A5F = {
			isa = PBXGroup;
			children = (
				CDCB0F7B2AA1A5D200909A5F /* SwiftMapApp */,
				CDCB0F7A2AA1A5D200909A5F /* Products */,
			);
			sourceTree = "<group>";
		};
		CDCB0F7A2AA1A5D200909A5F /* Products */ = {
			isa = PBXGroup;
			children = (
				CDCB0F792AA1A5D200909A5F /* SwiftMapApp.app */,
			);
			name = Products;
			sourceTree = "<group>";
		};
		CDCB0F7B2AA1A5D200909A5F /* SwiftMapApp */ = {
			isa = PBXGroup;
			children = (
				CDCB0F7C2AA1A5D200909A5F /* SwiftMapAppApp.swift */,
				CDCB0F7E2AA1A5D200909A5F /* ContentView.swift */,
				CDCB0F912AA1A95F00909A5F /* DataServices */,
				CDCB0F8D2AA1A8A500909A5F /* Views */,
				CDCB0F8E2AA1A8AE00909A5F /* ViewModels */,
				CDCB0F8C2AA1A89C00909A5F /* Models */,
				CDCB0F8A2AA1A80000909A5F /* Assets.xcassets */,
				CDCB0F822AA1A5D700909A5F /* Preview Content */,
			);
			path = SwiftMapApp;
			sourceTree = "<group>";
		};
		CDCB0F822AA1A5D700909A5F /* Preview Content */ = {
			isa = PBXGroup;
			children = (
				CDCB0F832AA1A5D700909A5F /* Preview Assets.xcassets */,
			);
			path = "Preview Content";
			sourceTree = "<group>";
		};
		CDCB0F8C2AA1A89C00909A5F /* Models */ = {
			isa = PBXGroup;
			children = (
				CDCB0F8F2AA1A8DA00909A5F /* Location.swift */,
			);
			path = Models;
			sourceTree = "<group>";
		};
		CDCB0F8D2AA1A8A500909A5F /* Views */ = {
			isa = PBXGroup;
			children = (
				CDCB0F942AA1AAAD00909A5F /* LocationsView.swift */,
			);
			path = Views;
			sourceTree = "<group>";
		};
		CDCB0F8E2AA1A8AE00909A5F /* ViewModels */ = {
			isa = PBXGroup;
			children = (
				CDCB0F962AA1AD6D00909A5F /* LocationsViewModel.swift */,
			);
			path = ViewModels;
			sourceTree = "<group>";
		};
		CDCB0F912AA1A95F00909A5F /* DataServices */ = {
			isa = PBXGroup;
			children = (
				CDCB0F922AA1A97700909A5F /* LocationsDataService.swift */,
			);
			path = DataServices;
			sourceTree = "<group>";
		};
/* End PBXGroup section */

/* Begin PBXNativeTarget section */
		CDCB0F782AA1A5D200909A5F /* SwiftMapApp */ = {
			isa = PBXNativeTarget;
			buildConfigurationList = CDCB0F872AA1A5D700909A5F /* Build configuration list for PBXNativeTarget "SwiftMapApp" */;
			buildPhases = (
				CDCB0F752AA1A5D200909A5F /* Sources */,
				CDCB0F762AA1A5D200909A5F /* Frameworks */,
				CDCB0F772AA1A5D200909A5F /* Resources */,
			);
			buildRules = (
			);
			dependencies = (
			);
			name = SwiftMapApp;
			productName = SwiftMapApp;
			productReference = CDCB0F792AA1A5D200909A5F /* SwiftMapApp.app */;
			productType = "com.apple.product-type.application";
		};
/* End PBXNativeTarget section */

/* Begin PBXProject section */
		CDCB0F712AA1A5D200909A5F /* Project object */ = {
			isa = PBXProject;
			attributes = {
				BuildIndependentTargetsInParallel = 1;
				LastSwiftUpdateCheck = 1430;
				LastUpgradeCheck = 1430;
				TargetAttributes = {
					CDCB0F782AA1A5D200909A5F = {
						CreatedOnToolsVersion = 14.3.1;
					};
				};
			};
			buildConfigurationList = CDCB0F742AA1A5D200909A5F /* Build configuration list for PBXProject "SwiftMapApp" */;
			compatibilityVersion = "Xcode 14.0";
			developmentRegion = en;
			hasScannedForEncodings = 0;
			knownRegions = (
				en,
				Base,
			);
			mainGroup = CDCB0F702AA1A5D200909A5F;
			productRefGroup = CDCB0F7A2AA1A5D200909A5F /* Products */;
			projectDirPath = "";
			projectRoot = "";
			targets = (
				CDCB0F782AA1A5D200909A5F /* SwiftMapApp */,
			);
		};
/* End PBXProject section */

/* Begin PBXResourcesBuildPhase section */
		CDCB0F772AA1A5D200909A5F /* Resources */ = {
			isa = PBXResourcesBuildPhase;
			buildActionMask = 2147483647;
			files = (
				CDCB0F8B2AA1A80000909A5F /* Assets.xcassets in Resources */,
				CDCB0F842AA1A5D700909A5F /* Preview Assets.xcassets in Resources */,
			);
			runOnlyForDeploymentPostprocessing = 0;
		};
/* End PBXResourcesBuildPhase section */

/* Begin PBXSourcesBuildPhase section */
		CDCB0F752AA1A5D200909A5F /* Sources */ = {
			isa = PBXSourcesBuildPhase;
			buildActionMask = 2147483647;
			files = (
				CDCB0F932AA1A97700909A5F /* LocationsDataService.swift in Sources */,
				CDCB0F972AA1AD6D00909A5F /* LocationsViewModel.swift in Sources */,
				CDCB0F7F2AA1A5D200909A5F /* ContentView.swift in Sources */,
				CDCB0F952AA1AAAD00909A5F /* LocationsView.swift in Sources */,
				CDCB0F902AA1A8DA00909A5F /* Location.swift in Sources */,
				CDCB0F7D2AA1A5D200909A5F /* SwiftMapAppApp.swift in Sources */,
			);
			runOnlyForDeploymentPostprocessing = 0;
		};
/* End PBXSourcesBuildPhase section */

/* Begin XCBuildConfiguration section */
		CDCB0F852AA1A5D700909A5F /* Debug */ = {
			isa = XCBuildConfiguration;
			buildSettings = {
				ALWAYS_SEARCH_USER_PATHS = NO;
				CLANG_ANALYZER_NONNULL = YES;
				CLANG_ANALYZER_NUMBER_OBJECT_CONVERSION = YES_AGGRESSIVE;
				CLANG_CXX_LANGUAGE_STANDARD = "gnu++20";
				CLANG_ENABLE_MODULES = YES;
				CLANG_ENABLE_OBJC_ARC = YES;
				CLANG_ENABLE_OBJC_WEAK = YES;
				CLANG_WARN_BLOCK_CAPTURE_AUTORELEASING = YES;
				CLANG_WARN_BOOL_CONVERSION = YES;
				CLANG_WARN_COMMA = YES;
				CLANG_WARN_CONSTANT_CONVERSION = YES;
				CLANG_WARN_DEPRECATED_OBJC_IMPLEMENTATIONS = YES;
				CLANG_WARN_DIRECT_OBJC_ISA_USAGE = YES_ERROR;
				CLANG_WARN_DOCUMENTATION_COMMENTS = YES;
				CLANG_WARN_EMPTY_BODY = YES;
				CLANG_WARN_ENUM_CONVERSION = YES;
				CLANG_WARN_INFINITE_RECURSION = YES;
				CLANG_WARN_INT_CONVERSION = YES;
				CLANG_WARN_NON_LITERAL_NULL_CONVERSION = YES;
				CLANG_WARN_OBJC_IMPLICIT_RETAIN_SELF = YES;
				CLANG_WARN_OBJC_LITERAL_CONVERSION = YES;
				CLANG_WARN_OBJC_ROOT_CLASS = YES_ERROR;
				CLANG_WARN_QUOTED_INCLUDE_IN_FRAMEWORK_HEADER = YES;
				CLANG_WARN_RANGE_LOOP_ANALYSIS = YES;
				CLANG_WARN_STRICT_PROTOTYPES = YES;
				CLANG_WARN_SUSPICIOUS_MOVE = YES;
				CLANG_WARN_UNGUARDED_AVAILABILITY = YES_AGGRESSIVE;
				CLANG_WARN_UNREACHABLE_CODE = YES;
				CLANG_WARN__DUPLICATE_METHOD_MATCH = YES;
				COPY_PHASE_STRIP = NO;
				DEBUG_INFORMATION_FORMAT = dwarf;
				ENABLE_STRICT_OBJC_MSGSEND = YES;
				ENABLE_TESTABILITY = YES;
				GCC_C_LANGUAGE_STANDARD = gnu11;
				GCC_DYNAMIC_NO_PIC = NO;
				GCC_NO_COMMON_BLOCKS = YES;
				GCC_OPTIMIZATION_LEVEL = 0;
				GCC_PREPROCESSOR_DEFINITIONS = (
					"DEBUG=1",
					"$(inherited)",
				);
				GCC_WARN_64_TO_32_BIT_CONVERSION = YES;
				GCC_WARN_ABOUT_RETURN_TYPE = YES_ERROR;
				GCC_WARN_UNDECLARED_SELECTOR = YES;
				GCC_WARN_UNINITIALIZED_AUTOS = YES_AGGRESSIVE;
				GCC_WARN_UNUSED_FUNCTION = YES;
				GCC_WARN_UNUSED_VARIABLE = YES;
				IPHONEOS_DEPLOYMENT_TARGET = 16.4;
				MTL_ENABLE_DEBUG_INFO = INCLUDE_SOURCE;
				MTL_FAST_MATH = YES;
				ONLY_ACTIVE_ARCH = YES;
				SDKROOT = iphoneos;
				SWIFT_ACTIVE_COMPILATION_CONDITIONS = DEBUG;
				SWIFT_OPTIMIZATION_LEVEL = "-Onone";
			};
			name = Debug;
		};
		CDCB0F862AA1A5D700909A5F /* Release */ = {
			isa = XCBuildConfiguration;
			buildSettings = {
				ALWAYS_SEARCH_USER_PATHS = NO;
				CLANG_ANALYZER_NONNULL = YES;
				CLANG_ANALYZER_NUMBER_OBJECT_CONVERSION = YES_AGGRESSIVE;
				CLANG_CXX_LANGUAGE_STANDARD = "gnu++20";
				CLANG_ENABLE_MODULES = YES;
				CLANG_ENABLE_OBJC_ARC = YES;
				CLANG_ENABLE_OBJC_WEAK = YES;
				CLANG_WARN_BLOCK_CAPTURE_AUTORELEASING = YES;
				CLANG_WARN_BOOL_CONVERSION = YES;
				CLANG_WARN_COMMA = YES;
				CLANG_WARN_CONSTANT_CONVERSION = YES;
				CLANG_WARN_DEPRECATED_OBJC_IMPLEMENTATIONS = YES;
				CLANG_WARN_DIRECT_OBJC_ISA_USAGE = YES_ERROR;
				CLANG_WARN_DOCUMENTATION_COMMENTS = YES;
				CLANG_WARN_EMPTY_BODY = YES;
				CLANG_WARN_ENUM_CONVERSION = YES;
				CLANG_WARN_INFINITE_RECURSION = YES;
				CLANG_WARN_INT_CONVERSION = YES;
				CLANG_WARN_NON_LITERAL_NULL_CONVERSION = YES;
				CLANG_WARN_OBJC_IMPLICIT_RETAIN_SELF = YES;
				CLANG_WARN_OBJC_LITERAL_CONVERSION = YES;
				CLANG_WARN_OBJC_ROOT_CLASS = YES_ERROR;
				CLANG_WARN_QUOTED_INCLUDE_IN_FRAMEWORK_HEADER = YES;
				CLANG_WARN_RANGE_LOOP_ANALYSIS = YES;
				CLANG_WARN_STRICT_PROTOTYPES = YES;
				CLANG_WARN_SUSPICIOUS_MOVE = YES;
				CLANG_WARN_UNGUARDED_AVAILABILITY = YES_AGGRESSIVE;
				CLANG_WARN_UNREACHABLE_CODE = YES;
				CLANG_WARN__DUPLICATE_METHOD_MATCH = YES;
				COPY_PHASE_STRIP = NO;
				DEBUG_INFORMATION_FORMAT = "dwarf-with-dsym";
				ENABLE_NS_ASSERTIONS = NO;
				ENABLE_STRICT_OBJC_MSGSEND = YES;
				GCC_C_LANGUAGE_STANDARD = gnu11;
				GCC_NO_COMMON_BLOCKS = YES;
				GCC_WARN_64_TO_32_BIT_CONVERSION = YES;
				GCC_WARN_ABOUT_RETURN_TYPE = YES_ERROR;
				GCC_WARN_UNDECLARED_SELECTOR = YES;
				GCC_WARN_UNINITIALIZED_AUTOS = YES_AGGRESSIVE;
				GCC_WARN_UNUSED_FUNCTION = YES;
				GCC_WARN_UNUSED_VARIABLE = YES;
				IPHONEOS_DEPLOYMENT_TARGET = 16.4;
				MTL_ENABLE_DEBUG_INFO = NO;
				MTL_FAST_MATH = YES;
				SDKROOT = iphoneos;
				SWIFT_COMPILATION_MODE = wholemodule;
				SWIFT_OPTIMIZATION_LEVEL = "-O";
				VALIDATE_PRODUCT = YES;
			};
			name = Release;
		};
		CDCB0F882AA1A5D700909A5F /* Debug */ = {
			isa = XCBuildConfiguration;
			buildSettings = {
				ASSETCATALOG_COMPILER_APPICON_NAME = AppIcon;
				ASSETCATALOG_COMPILER_GLOBAL_ACCENT_COLOR_NAME = AccentColor;
				CODE_SIGN_STYLE = Automatic;
				CURRENT_PROJECT_VERSION = 1;
				DEVELOPMENT_ASSET_PATHS = "\"SwiftMapApp/Preview Content\"";
				DEVELOPMENT_TEAM = JKR3XZ5TBQ;
				ENABLE_PREVIEWS = YES;
				GENERATE_INFOPLIST_FILE = YES;
				INFOPLIST_KEY_UIApplicationSceneManifest_Generation = YES;
				INFOPLIST_KEY_UIApplicationSupportsIndirectInputEvents = YES;
				INFOPLIST_KEY_UILaunchScreen_Generation = YES;
				INFOPLIST_KEY_UISupportedInterfaceOrientations_iPad = "UIInterfaceOrientationPortrait UIInterfaceOrientationPortraitUpsideDown UIInterfaceOrientationLandscapeLeft UIInterfaceOrientationLandscapeRight";
				INFOPLIST_KEY_UISupportedInterfaceOrientations_iPhone = "UIInterfaceOrientationPortrait UIInterfaceOrientationLandscapeLeft UIInterfaceOrientationLandscapeRight";
				LD_RUNPATH_SEARCH_PATHS = (
					"$(inherited)",
					"@executable_path/Frameworks",
				);
				MARKETING_VERSION = 1.0;
				PRODUCT_BUNDLE_IDENTIFIER = com.manishparihar.SwiftMapApp;
				PRODUCT_NAME = "$(TARGET_NAME)";
				SWIFT_EMIT_LOC_STRINGS = YES;
				SWIFT_VERSION = 5.0;
				TARGETED_DEVICE_FAMILY = "1,2";
			};
			name = Debug;
		};
		CDCB0F892AA1A5D700909A5F /* Release */ = {
			isa = XCBuildConfiguration;
			buildSettings = {
				ASSETCATALOG_COMPILER_APPICON_NAME = AppIcon;
				ASSETCATALOG_COMPILER_GLOBAL_ACCENT_COLOR_NAME = AccentColor;
				CODE_SIGN_STYLE = Automatic;
				CURRENT_PROJECT_VERSION = 1;
				DEVELOPMENT_ASSET_PATHS = "\"SwiftMapApp/Preview Content\"";
				DEVELOPMENT_TEAM = JKR3XZ5TBQ;
				ENABLE_PREVIEWS = YES;
				GENERATE_INFOPLIST_FILE = YES;
				INFOPLIST_KEY_UIApplicationSceneManifest_Generation = YES;
				INFOPLIST_KEY_UIApplicationSupportsIndirectInputEvents = YES;
				INFOPLIST_KEY_UILaunchScreen_Generation = YES;
				INFOPLIST_KEY_UISupportedInterfaceOrientations_iPad = "UIInterfaceOrientationPortrait UIInterfaceOrientationPortraitUpsideDown UIInterfaceOrientationLandscapeLeft UIInterfaceOrientationLandscapeRight";
				INFOPLIST_KEY_UISupportedInterfaceOrientations_iPhone = "UIInterfaceOrientationPortrait UIInterfaceOrientationLandscapeLeft UIInterfaceOrientationLandscapeRight";
				LD_RUNPATH_SEARCH_PATHS = (
					"$(inherited)",
					"@executable_path/Frameworks",
				);
				MARKETING_VERSION = 1.0;
				PRODUCT_BUNDLE_IDENTIFIER = com.manishparihar.SwiftMapApp;
				PRODUCT_NAME = "$(TARGET_NAME)";
				SWIFT_EMIT_LOC_STRINGS = YES;
				SWIFT_VERSION = 5.0;
				TARGETED_DEVICE_FAMILY = "1,2";
			};
			name = Release;
		};
/* End XCBuildConfiguration section */

/* Begin XCConfigurationList section */
		CDCB0F742AA1A5D200909A5F /* Build configuration list for PBXProject "SwiftMapApp" */ = {
			isa = XCConfigurationList;
			buildConfigurations = (
				CDCB0F852AA1A5D700909A5F /* Debug */,
				CDCB0F862AA1A5D700909A5F /* Release */,
			);
			defaultConfigurationIsVisible = 0;
			defaultConfigurationName = Release;
		};
		CDCB0F872AA1A5D700909A5F /* Build configuration list for PBXNativeTarget "SwiftMapApp" */ = {
			isa = XCConfigurationList;
			buildConfigurations = (
				CDCB0F882AA1A5D700909A5F /* Debug */,
				CDCB0F892AA1A5D700909A5F /* Release */,
			);
			defaultConfigurationIsVisible = 0;
			defaultConfigurationName = Release;
		};
/* End XCConfigurationList section */
	};
	rootObject = CDCB0F712AA1A5D200909A5F /* Project object */;
}
